
Microsoft Visual Studio Solution File, Format Version 12.00
# Visual Studio Version 16
VisualStudioVersion = 16.0.29102.190
MinimumVisualStudioVersion = 10.0.40219.1
Project("{8BC9CEB8-8B4A-11D0-8D11-00A0C91BC942}") = "NES", "NES\NES.vcxproj", "{8BA68608-79B6-4793-BC46-30B55BFD9FF0}"
EndProject
Project("{8BC9CEB8-8B4A-11D0-8D11-00A0C91BC942}") = "NESTest", "NESTest\NESTest.vcxproj", "{933F06E6-4724-4930-981E-AF18BFD50175}"
EndProject
Global
	GlobalSection(SolutionConfigurationPlatforms) = preSolution
		Debug|x64 = Debug|x64
		Debug|x86 = Debug|x86
		Release|x64 = Release|x64
		Release|x86 = Release|x86
	EndGlobalSection
	GlobalSection(ProjectConfigurationPlatforms) = postSolution
		{8BA68608-79B6-4793-BC46-30B55BFD9FF0}.Debug|x64.ActiveCfg = Release|x64
		{8BA68608-79B6-4793-BC46-30B55BFD9FF0}.Debug|x64.Build.0 = Release|x64
		{8BA68608-79B6-4793-BC46-30B55BFD9FF0}.Debug|x86.ActiveCfg = Debug|x64
		{8BA68608-79B6-4793-BC46-30B55BFD9FF0}.Debug|x86.Build.0 = Debug|x64
		{8BA68608-79B6-4793-BC46-30B55BFD9FF0}.Release|x64.ActiveCfg = Release|x64
		{8BA68608-79B6-4793-BC46-30B55BFD9FF0}.Release|x64.Build.0 = Release|x64
		{8BA68608-79B6-4793-BC46-30B55BFD9FF0}.Release|x86.ActiveCfg = Release|Win32
		{8BA68608-79B6-4793-BC46-30B55BFD9FF0}.Release|x86.Build.0 = Release|Win32
		{933F06E6-4724-4930-981E-AF18BFD50175}.Debug|x64.ActiveCfg = Debug|x64
		{933F06E6-4724-4930-981E-AF18BFD50175}.Debug|x86.ActiveCfg = Debug|x64
		{933F06E6-4724-4930-981E-AF18BFD50175}.Debug|x86.Build.0 = Debug|x64
		{933F06E6-4724-4930-981E-AF18BFD50175}.Release|x64.ActiveCfg = Release|x64
		{933F06E6-4724-4930-981E-AF18BFD50175}.Release|x64.Build.0 = Release|x64
		{933F06E6-4724-4930-981E-AF18BFD50175}.Release|x86.ActiveCfg = Release|Win32
		{933F06E6-4724-4930-981E-AF18BFD50175}.Release|x86.Build.0 = Release|Win32
	EndGlobalSection
	GlobalSection(SolutionProperties) = preSolution
		HideSolutionNode = FALSE
	EndGlobalSection
	GlobalSection(ExtensibilityGlobals) = postSolution
		SolutionGuid = {4D30F980-2987-4643-8701-F3845CB34746}
	EndGlobalSection
EndGlobal
