<?xml version="1.0" encoding="utf-8"?>
<Project ToolsVersion="4.0" xmlns="http://schemas.microsoft.com/developer/msbuild/2003">
  <ItemGroup>
    <ClCompile Include="pch.cpp" />
    <ClCompile Include="OperationTests.cpp">
      <Filter>SupportTests</Filter>
    </ClCompile>
    <ClCompile Include="MemoryTest.cpp">
      <Filter>SupportTests</Filter>
    </ClCompile>
    <ClCompile Include="MOS6502Test.cpp" />
  </ItemGroup>
  <ItemGroup>
    <ClInclude Include="pch.h" />
  </ItemGroup>
  <ItemGroup>
    <None Include="packages.config" />
  </ItemGroup>
  <ItemGroup>
    <Filter Include="InstructionTests">
      <UniqueIdentifier>{7324d83a-16fc-4942-b422-97cc2ec93889}</UniqueIdentifier>
    </Filter>
    <Filter Include="SupportTests">
      <UniqueIdentifier>{106e0d01-2792-46f4-95e6-9f2decbdf3d5}</UniqueIdentifier>
    </Filter>
  </ItemGroup>
</Project>