<?xml version="1.0" encoding="utf-8"?>
<Project ToolsVersion="4.0" xmlns="http://schemas.microsoft.com/developer/msbuild/2003">
  <ItemGroup>
    <Filter Include="Source Files">
      <UniqueIdentifier>{4FC737F1-C7A5-4376-A066-2A32D752A2FF}</UniqueIdentifier>
      <Extensions>cpp;c;cc;cxx;def;odl;idl;hpj;bat;asm;asmx</Extensions>
    </Filter>
    <Filter Include="Header Files">
      <UniqueIdentifier>{93995380-89BD-4b04-88EB-625FBE52EBFB}</UniqueIdentifier>
      <Extensions>h;hh;hpp;hxx;hm;inl;inc;ipp;xsd</Extensions>
    </Filter>
    <Filter Include="Resource Files">
      <UniqueIdentifier>{67DA6AB6-F800-4c08-8B7A-83BB121AAD01}</UniqueIdentifier>
      <Extensions>rc;ico;cur;bmp;dlg;rc2;rct;bin;rgs;gif;jpg;jpeg;jpe;resx;tiff;tif;png;wav;mfcribbon-ms</Extensions>
    </Filter>
  </ItemGroup>
  <ItemGroup>
    <ClInclude Include="MOS6502\Instructions\Binary.h">
      <Filter>Header Files</Filter>
    </ClInclude>
    <ClInclude Include="MOS6502\Instructions\Instruction.h">
      <Filter>Header Files</Filter>
    </ClInclude>
    <ClInclude Include="MOS6502\Instructions\InstructionConstants.h">
      <Filter>Header Files</Filter>
    </ClInclude>
    <ClInclude Include="MOS6502\MOS6502Constants.h">
      <Filter>Header Files</Filter>
    </ClInclude>
    <ClInclude Include="Memory.h">
      <Filter>Header Files</Filter>
    </ClInclude>
    <ClInclude Include="MOS6502\MOS6502.h">
      <Filter>Header Files</Filter>
    </ClInclude>
    <ClInclude Include="APU\Triangle\TriangleConstants.h">
      <Filter>Header Files</Filter>
    </ClInclude>
    <ClInclude Include="MOS6502\Instructions\Absolute\Absolute.h">
      <Filter>Header Files</Filter>
    </ClInclude>
    <ClInclude Include="MOS6502\Instructions\InstructionGroup.h">
      <Filter>Header Files</Filter>
    </ClInclude>
    <ClInclude Include="MOS6502\Instructions\Zeropage\Zeropage.h">
      <Filter>Header Files</Filter>
    </ClInclude>
    <ClInclude Include="MOS6502\Instructions\ZeropageIndexed\ZeropageIndexed.h">
      <Filter>Header Files</Filter>
    </ClInclude>
    <ClInclude Include="MOS6502\Instructions\ZeropageIndexed\ZeropageIndexedConstants.h">
      <Filter>Header Files</Filter>
    </ClInclude>
    <ClInclude Include="MOS6502\Instructions\Zeropage\ZeropageConstants.h">
      <Filter>Header Files</Filter>
    </ClInclude>
    <ClInclude Include="MOS6502\Instructions\Absolute\AbsoluteConstants.h">
      <Filter>Header Files</Filter>
    </ClInclude>
    <ClInclude Include="MOS6502\Instructions\AbsoluteIndexed\AbsoluteIndexed.h">
      <Filter>Header Files</Filter>
    </ClInclude>
    <ClInclude Include="MOS6502\Instructions\AbsoluteIndexed\AbsoluteIndexedConstants.h">
      <Filter>Header Files</Filter>
    </ClInclude>
    <ClInclude Include="MOS6502\Instructions\IndirectY\IndirectYConstants.h">
      <Filter>Header Files</Filter>
    </ClInclude>
    <ClInclude Include="MOS6502\Instructions\IndirectY\IndirectY.h">
      <Filter>Header Files</Filter>
    </ClInclude>
    <ClInclude Include="MOS6502\Instructions\IndirectX\IndirectXConstants.h">
      <Filter>Header Files</Filter>
    </ClInclude>
    <ClInclude Include="MOS6502\Instructions\IndirectX\IndirectX.h">
      <Filter>Header Files</Filter>
    </ClInclude>
    <ClInclude Include="MOS6502\Instructions\Indirect\Indirect.h">
      <Filter>Header Files</Filter>
    </ClInclude>
    <ClInclude Include="MOS6502\Instructions\Relative\Relative.h">
      <Filter>Header Files</Filter>
    </ClInclude>
    <ClInclude Include="MOS6502\Instructions\Relative\RelativeConstants.h">
      <Filter>Header Files</Filter>
    </ClInclude>
    <ClInclude Include="MOS6502\Instructions\Immediate\Immediate.h">
      <Filter>Header Files</Filter>
    </ClInclude>
    <ClInclude Include="MOS6502\Instructions\Immediate\ImmediateConstants.h">
      <Filter>Header Files</Filter>
    </ClInclude>
    <ClInclude Include="MOS6502\Instructions\Accumulator\Accumulator.h">
      <Filter>Header Files</Filter>
    </ClInclude>
    <ClInclude Include="MOS6502\Instructions\Accumulator\AccumulatorConstants.h">
      <Filter>Header Files</Filter>
    </ClInclude>
  </ItemGroup>
  <ItemGroup>
    <ClCompile Include="MOS6502\MOS6502.cpp">
      <Filter>Source Files</Filter>
    </ClCompile>
    <ClCompile Include="Test.cpp">
      <Filter>Source Files</Filter>
    </ClCompile>
    <ClCompile Include="MOS6502\Instructions\Absolute\Absolute.cpp">
      <Filter>Source Files</Filter>
    </ClCompile>
    <ClCompile Include="MOS6502\Instructions\Zeropage\Zeropage.cpp">
      <Filter>Source Files</Filter>
    </ClCompile>
    <ClCompile Include="MOS6502\Instructions\ZeropageIndexed\ZeropageIndexed.cpp">
      <Filter>Source Files</Filter>
    </ClCompile>
    <ClCompile Include="MOS6502\Instructions\AbsoluteIndexed\AbsoluteIndexed.cpp">
      <Filter>Source Files</Filter>
    </ClCompile>
    <ClCompile Include="MOS6502\Instructions\IndirectY\IndirectY.cpp">
      <Filter>Source Files</Filter>
    </ClCompile>
    <ClCompile Include="MOS6502\Instructions\IndirectX\IndirectX.cpp">
      <Filter>Source Files</Filter>
    </ClCompile>
    <ClCompile Include="MOS6502\Instructions\Indirect\Indirect.cpp">
      <Filter>Source Files</Filter>
    </ClCompile>
    <ClCompile Include="MOS6502\Instructions\Relative\Relative.cpp">
      <Filter>Source Files</Filter>
    </ClCompile>
    <ClCompile Include="MOS6502\Instructions\Immediate\Immediate.cpp">
      <Filter>Source Files</Filter>
    </ClCompile>
    <ClCompile Include="MOS6502\Instructions\Accumulator\Accumulator.cpp">
      <Filter>Source Files</Filter>
    </ClCompile>
  </ItemGroup>
  <ItemGroup>
    <None Include="cpp.hint" />
  </ItemGroup>
</Project>